// !$*UTF8*$!
{
	archiveVersion = 1;
	classes = {
	};
	objectVersion = 77;
	objects = {

/* Begin PBXContainerItemProxy section */
		BD597DCB2EF60C3800006C6F /* PBXContainerItemProxy */ = {
			isa = PBXContainerItemProxy;
			containerPortal = BD597DB52EF60C3500006C6F /* Project object */;
			proxyType = 1;
			remoteGlobalIDString = BD597DBC2EF60C3500006C6F;
			remoteInfo = Ambrosia;
		};
		BD597DD52EF60C3800006C6F /* PBXContainerItemProxy */ = {
			isa = PBXContainerItemProxy;
			containerPortal = BD597DB52EF60C3500006C6F /* Project object */;
			proxyType = 1;
			remoteGlobalIDString = BD597DBC2EF60C3500006C6F;
			remoteInfo = Ambrosia;
		};
/* End PBXContainerItemProxy section */

/* Begin PBXFileReference section */
		BD597DBD2EF60C3500006C6F /* Ambrosia.app */ = {isa = PBXFileReference; explicitFileType = wrapper.application; includeInIndex = 0; path = Ambrosia.app; sourceTree = BUILT_PRODUCTS_DIR; };
		BD597DCA2EF60C3800006C6F /* AmbrosiaTests.xctest */ = {isa = PBXFileReference; explicitFileType = wrapper.cfbundle; includeInIndex = 0; path = AmbrosiaTests.xctest; sourceTree = BUILT_PRODUCTS_DIR; };
		BD597DD42EF60C3800006C6F /* AmbrosiaUITests.xctest */ = {isa = PBXFileReference; explicitFileType = wrapper.cfbundle; includeInIndex = 0; path = AmbrosiaUITests.xctest; sourceTree = BUILT_PRODUCTS_DIR; };
/* End PBXFileReference section */

/* Begin PBXFileSystemSynchronizedBuildFileExceptionSet section */
		BD597E262EF61EC000006C6F /* Exceptions for "Ambrosia" folder in "Ambrosia" target */ = {
			isa = PBXFileSystemSynchronizedBuildFileExceptionSet;
			membershipExceptions = (
				Resources/Info.plist,
			);
			target = BD597DBC2EF60C3500006C6F /* Ambrosia */;
		};
/* End PBXFileSystemSynchronizedBuildFileExceptionSet section */

/* Begin PBXFileSystemSynchronizedRootGroup section */
		BD597DBF2EF60C3500006C6F /* Ambrosia */ = {
			isa = PBXFileSystemSynchronizedRootGroup;
			exceptions = (
				BD597E262EF61EC000006C6F /* Exceptions for "Ambrosia" folder in "Ambrosia" target */,
			);
			path = Ambrosia;
			sourceTree = "<group>";
		};
		BD597DCD2EF60C3800006C6F /* AmbrosiaTests */ = {
			isa = PBXFileSystemSynchronizedRootGroup;
			path = AmbrosiaTests;
			sourceTree = "<group>";
		};
		BD597DD72EF60C3800006C6F /* AmbrosiaUITests */ = {
			isa = PBXFileSystemSynchronizedRootGroup;
			path = AmbrosiaUITests;
			sourceTree = "<group>";
		};
/* End PBXFileSystemSynchronizedRootGroup section */

/* Begin PBXFrameworksBuildPhase section */
		BD597DBA2EF60C3500006C6F /* Frameworks */ = {
			isa = PBXFrameworksBuildPhase;
			buildActionMask = 2147483647;
			files = (
			);
			runOnlyForDeploymentPostprocessing = 0;
		};
		BD597DC72EF60C3800006C6F /* Frameworks */ = {
			isa = PBXFrameworksBuildPhase;
			buildActionMask = 2147483647;
			files = (
			);
			runOnlyForDeploymentPostprocessing = 0;
		};
		BD597DD12EF60C3800006C6F /* Frameworks */ = {
			isa = PBXFrameworksBuildPhase;
			buildActionMask = 2147483647;
			files = (
			);
			runOnlyForDeploymentPostprocessing = 0;
		};
/* End PBXFrameworksBuildPhase section */

/* Begin PBXGroup section */
		BD597DB42EF60C3500006C6F = {
			isa = PBXGroup;
			children = (
				BD597DBF2EF60C3500006C6F /* Ambrosia */,
				BD597DCD2EF60C3800006C6F /* AmbrosiaTests */,
				BD597DD72EF60C3800006C6F /* AmbrosiaUITests */,
				BD597DBE2EF60C3500006C6F /* Products */,
			);
			sourceTree = "<group>";
		};
		BD597DBE2EF60C3500006C6F /* Products */ = {
			isa = PBXGroup;
			children = (
				BD597DBD2EF60C3500006C6F /* Ambrosia.app */,
				BD597DCA2EF60C3800006C6F /* AmbrosiaTests.xctest */,
				BD597DD42EF60C3800006C6F /* AmbrosiaUITests.xctest */,
			);
			name = Products;
			sourceTree = "<group>";
		};
/* End PBXGroup section */

/* Begin PBXNativeTarget section */
		BD597DBC2EF60C3500006C6F /* Ambrosia */ = {
			isa = PBXNativeTarget;
			buildConfigurationList = BD597DDE2EF60C3800006C6F /* Build configuration list for PBXNativeTarget "Ambrosia" */;
			buildPhases = (
				BD597DB92EF60C3500006C6F /* Sources */,
				BD597DBA2EF60C3500006C6F /* Frameworks */,
				BD597DBB2EF60C3500006C6F /* Resources */,
			);
			buildRules = (
			);
			dependencies = (
			);
			fileSystemSynchronizedGroups = (
				BD597DBF2EF60C3500006C6F /* Ambrosia */,
			);
			name = Ambrosia;
			packageProductDependencies = (
			);
			productName = Ambrosia;
			productReference = BD597DBD2EF60C3500006C6F /* Ambrosia.app */;
			productType = "com.apple.product-type.application";
		};
		BD597DC92EF60C3800006C6F /* AmbrosiaTests */ = {
			isa = PBXNativeTarget;
			buildConfigurationList = BD597DE12EF60C3800006C6F /* Build configuration list for PBXNativeTarget "AmbrosiaTests" */;
			buildPhases = (
				BD597DC62EF60C3800006C6F /* Sources */,
				BD597DC72EF60C3800006C6F /* Frameworks */,
				BD597DC82EF60C3800006C6F /* Resources */,
			);
			buildRules = (
			);
			dependencies = (
				BD597DCC2EF60C3800006C6F /* PBXTargetDependency */,
			);
			fileSystemSynchronizedGroups = (
				BD597DCD2EF60C3800006C6F /* AmbrosiaTests */,
			);
			name = AmbrosiaTests;
			packageProductDependencies = (
			);
			productName = AmbrosiaTests;
			productReference = BD597DCA2EF60C3800006C6F /* AmbrosiaTests.xctest */;
			productType = "com.apple.product-type.bundle.unit-test";
		};
		BD597DD32EF60C3800006C6F /* AmbrosiaUITests */ = {
			isa = PBXNativeTarget;
			buildConfigurationList = BD597DE42EF60C3800006C6F /* Build configuration list for PBXNativeTarget "AmbrosiaUITests" */;
			buildPhases = (
				BD597DD02EF60C3800006C6F /* Sources */,
				BD597DD12EF60C3800006C6F /* Frameworks */,
				BD597DD22EF60C3800006C6F /* Resources */,
			);
			buildRules = (
			);
			dependencies = (
				BD597DD62EF60C3800006C6F /* PBXTargetDependency */,
			);
			fileSystemSynchronizedGroups = (
				BD597DD72EF60C3800006C6F /* AmbrosiaUITests */,
			);
			name = AmbrosiaUITests;
			packageProductDependencies = (
			);
			productName = AmbrosiaUITests;
			productReference = BD597DD42EF60C3800006C6F /* AmbrosiaUITests.xctest */;
			productType = "com.apple.product-type.bundle.ui-testing";
		};
/* End PBXNativeTarget section */

/* Begin PBXProject section */
		BD597DB52EF60C3500006C6F /* Project object */ = {
			isa = PBXProject;
			attributes = {
				BuildIndependentTargetsInParallel = 1;
				LastSwiftUpdateCheck = 1640;
				LastUpgradeCheck = 1640;
				TargetAttributes = {
					BD597DBC2EF60C3500006C6F = {
						CreatedOnToolsVersion = 16.4;
					};
					BD597DC92EF60C3800006C6F = {
						CreatedOnToolsVersion = 16.4;
						TestTargetID = BD597DBC2EF60C3500006C6F;
					};
					BD597DD32EF60C3800006C6F = {
						CreatedOnToolsVersion = 16.4;
						TestTargetID = BD597DBC2EF60C3500006C6F;
					};
				};
			};
			buildConfigurationList = BD597DB82EF60C3500006C6F /* Build configuration list for PBXProject "Ambrosia" */;
			developmentRegion = en;
			hasScannedForEncodings = 0;
			knownRegions = (
				en,
				Base,
			);
			mainGroup = BD597DB42EF60C3500006C6F;
			minimizedProjectReferenceProxies = 1;
			preferredProjectObjectVersion = 77;
			productRefGroup = BD597DBE2EF60C3500006C6F /* Products */;
			projectDirPath = "";
			projectRoot = "";
			targets = (
				BD597DBC2EF60C3500006C6F /* Ambrosia */,
				BD597DC92EF60C3800006C6F /* AmbrosiaTests */,
				BD597DD32EF60C3800006C6F /* AmbrosiaUITests */,
			);
		};
/* End PBXProject section */

/* Begin PBXResourcesBuildPhase section */
		BD597DBB2EF60C3500006C6F /* Resources */ = {
			isa = PBXResourcesBuildPhase;
			buildActionMask = 2147483647;
			files = (
			);
			runOnlyForDeploymentPostprocessing = 0;
		};
		BD597DC82EF60C3800006C6F /* Resources */ = {
			isa = PBXResourcesBuildPhase;
			buildActionMask = 2147483647;
			files = (
			);
			runOnlyForDeploymentPostprocessing = 0;
		};
		BD597DD22EF60C3800006C6F /* Resources */ = {
			isa = PBXResourcesBuildPhase;
			buildActionMask = 2147483647;
			files = (
			);
			runOnlyForDeploymentPostprocessing = 0;
		};
/* End PBXResourcesBuildPhase section */

/* Begin PBXSourcesBuildPhase section */
		BD597DB92EF60C3500006C6F /* Sources */ = {
			isa = PBXSourcesBuildPhase;
			buildActionMask = 2147483647;
			files = (
			);
			runOnlyForDeploymentPostprocessing = 0;
		};
		BD597DC62EF60C3800006C6F /* Sources */ = {
			isa = PBXSourcesBuildPhase;
			buildActionMask = 2147483647;
			files = (
			);
			runOnlyForDeploymentPostprocessing = 0;
		};
		BD597DD02EF60C3800006C6F /* Sources */ = {
			isa = PBXSourcesBuildPhase;
			buildActionMask = 2147483647;
			files = (
			);
			runOnlyForDeploymentPostprocessing = 0;
		};
/* End PBXSourcesBuildPhase section */

/* Begin PBXTargetDependency section */
		BD597DCC2EF60C3800006C6F /* PBXTargetDependency */ = {
			isa = PBXTargetDependency;
			target = BD597DBC2EF60C3500006C6F /* Ambrosia */;
			targetProxy = BD597DCB2EF60C3800006C6F /* PBXContainerItemProxy */;
		};
		BD597DD62EF60C3800006C6F /* PBXTargetDependency */ = {
			isa = PBXTargetDependency;
			target = BD597DBC2EF60C3500006C6F /* Ambrosia */;
			targetProxy = BD597DD52EF60C3800006C6F /* PBXContainerItemProxy */;
		};
/* End PBXTargetDependency section */

/* Begin XCBuildConfiguration section */
		BD597DDC2EF60C3800006C6F /* Debug */ = {
			isa = XCBuildConfiguration;
			baseConfigurationReferenceAnchor = BD597DBF2EF60C3500006C6F /* Ambrosia */;
			baseConfigurationReferenceRelativePath = Configs/Secrets.xcconfig;
			buildSettings = {
				ALWAYS_SEARCH_USER_PATHS = NO;
				ASSETCATALOG_COMPILER_GENERATE_SWIFT_ASSET_SYMBOL_EXTENSIONS = YES;
				CLANG_ANALYZER_NONNULL = YES;
				CLANG_ANALYZER_NUMBER_OBJECT_CONVERSION = YES_AGGRESSIVE;
				CLANG_CXX_LANGUAGE_STANDARD = "gnu++20";
				CLANG_ENABLE_MODULES = YES;
				CLANG_ENABLE_OBJC_ARC = YES;
				CLANG_ENABLE_OBJC_WEAK = YES;
				CLANG_WARN_BLOCK_CAPTURE_AUTORELEASING = YES;
				CLANG_WARN_BOOL_CONVERSION = YES;
				CLANG_WARN_COMMA = YES;
				CLANG_WARN_CONSTANT_CONVERSION = YES;
				CLANG_WARN_DEPRECATED_OBJC_IMPLEMENTATIONS = YES;
				CLANG_WARN_DIRECT_OBJC_ISA_USAGE = YES_ERROR;
				CLANG_WARN_DOCUMENTATION_COMMENTS = YES;
				CLANG_WARN_EMPTY_BODY = YES;
				CLANG_WARN_ENUM_CONVERSION = YES;
				CLANG_WARN_INFINITE_RECURSION = YES;
				CLANG_WARN_INT_CONVERSION = YES;
				CLANG_WARN_NON_LITERAL_NULL_CONVERSION = YES;
				CLANG_WARN_OBJC_IMPLICIT_RETAIN_SELF = YES;
				CLANG_WARN_OBJC_LITERAL_CONVERSION = YES;
				CLANG_WARN_OBJC_ROOT_CLASS = YES_ERROR;
				CLANG_WARN_QUOTED_INCLUDE_IN_FRAMEWORK_HEADER = YES;
				CLANG_WARN_RANGE_LOOP_ANALYSIS = YES;
				CLANG_WARN_STRICT_PROTOTYPES = YES;
				CLANG_WARN_SUSPICIOUS_MOVE = YES;
				CLANG_WARN_UNGUARDED_AVAILABILITY = YES_AGGRESSIVE;
				CLANG_WARN_UNREACHABLE_CODE = YES;
				CLANG_WARN__DUPLICATE_METHOD_MATCH = YES;
				COPY_PHASE_STRIP = NO;
				DEBUG_INFORMATION_FORMAT = dwarf;
				DEVELOPMENT_TEAM = TDLZ3DFQ66;
				ENABLE_STRICT_OBJC_MSGSEND = YES;
				ENABLE_TESTABILITY = YES;
				ENABLE_USER_SCRIPT_SANDBOXING = YES;
				GCC_C_LANGUAGE_STANDARD = gnu17;
				GCC_DYNAMIC_NO_PIC = NO;
				GCC_NO_COMMON_BLOCKS = YES;
				GCC_OPTIMIZATION_LEVEL = 0;
				GCC_PREPROCESSOR_DEFINITIONS = (
					"DEBUG=1",
					"$(inherited)",
				);
				GCC_WARN_64_TO_32_BIT_CONVERSION = YES;
				GCC_WARN_ABOUT_RETURN_TYPE = YES_ERROR;
				GCC_WARN_UNDECLARED_SELECTOR = YES;
				GCC_WARN_UNINITIALIZED_AUTOS = YES_AGGRESSIVE;
				GCC_WARN_UNUSED_FUNCTION = YES;
				GCC_WARN_UNUSED_VARIABLE = YES;
				IPHONEOS_DEPLOYMENT_TARGET = 18.5;
				LOCALIZATION_PREFERS_STRING_CATALOGS = YES;
				MTL_ENABLE_DEBUG_INFO = INCLUDE_SOURCE;
				MTL_FAST_MATH = YES;
				ONLY_ACTIVE_ARCH = YES;
				SDKROOT = iphoneos;
				SWIFT_ACTIVE_COMPILATION_CONDITIONS = "DEBUG $(inherited)";
				SWIFT_OPTIMIZATION_LEVEL = "-Onone";
			};
			name = Debug;
		};
		BD597DDD2EF60C3800006C6F /* Release */ = {
			isa = XCBuildConfiguration;
			baseConfigurationReferenceAnchor = BD597DBF2EF60C3500006C6F /* Ambrosia */;
			baseConfigurationReferenceRelativePath = Configs/Secrets.xcconfig;
			buildSettings = {
				ALWAYS_SEARCH_USER_PATHS = NO;
				ASSETCATALOG_COMPILER_GENERATE_SWIFT_ASSET_SYMBOL_EXTENSIONS = YES;
				CLANG_ANALYZER_NONNULL = YES;
				CLANG_ANALYZER_NUMBER_OBJECT_CONVERSION = YES_AGGRESSIVE;
				CLANG_CXX_LANGUAGE_STANDARD = "gnu++20";
				CLANG_ENABLE_MODULES = YES;
				CLANG_ENABLE_OBJC_ARC = YES;
				CLANG_ENABLE_OBJC_WEAK = YES;
				CLANG_WARN_BLOCK_CAPTURE_AUTORELEASING = YES;
				CLANG_WARN_BOOL_CONVERSION = YES;
				CLANG_WARN_COMMA = YES;
				CLANG_WARN_CONSTANT_CONVERSION = YES;
				CLANG_WARN_DEPRECATED_OBJC_IMPLEMENTATIONS = YES;
				CLANG_WARN_DIRECT_OBJC_ISA_USAGE = YES_ERROR;
				CLANG_WARN_DOCUMENTATION_COMMENTS = YES;
				CLANG_WARN_EMPTY_BODY = YES;
				CLANG_WARN_ENUM_CONVERSION = YES;
				CLANG_WARN_INFINITE_RECURSION = YES;
				CLANG_WARN_INT_CONVERSION = YES;
				CLANG_WARN_NON_LITERAL_NULL_CONVERSION = YES;
				CLANG_WARN_OBJC_IMPLICIT_RETAIN_SELF = YES;
				CLANG_WARN_OBJC_LITERAL_CONVERSION = YES;
				CLANG_WARN_OBJC_ROOT_CLASS = YES_ERROR;
				CLANG_WARN_QUOTED_INCLUDE_IN_FRAMEWORK_HEADER = YES;
				CLANG_WARN_RANGE_LOOP_ANALYSIS = YES;
				CLANG_WARN_STRICT_PROTOTYPES = YES;
				CLANG_WARN_SUSPICIOUS_MOVE = YES;
				CLANG_WARN_UNGUARDED_AVAILABILITY = YES_AGGRESSIVE;
				CLANG_WARN_UNREACHABLE_CODE = YES;
				CLANG_WARN__DUPLICATE_METHOD_MATCH = YES;
				COPY_PHASE_STRIP = NO;
				DEBUG_INFORMATION_FORMAT = "dwarf-with-dsym";
				DEVELOPMENT_TEAM = TDLZ3DFQ66;
				ENABLE_NS_ASSERTIONS = NO;
				ENABLE_STRICT_OBJC_MSGSEND = YES;
				ENABLE_USER_SCRIPT_SANDBOXING = YES;
				GCC_C_LANGUAGE_STANDARD = gnu17;
				GCC_NO_COMMON_BLOCKS = YES;
				GCC_WARN_64_TO_32_BIT_CONVERSION = YES;
				GCC_WARN_ABOUT_RETURN_TYPE = YES_ERROR;
				GCC_WARN_UNDECLARED_SELECTOR = YES;
				GCC_WARN_UNINITIALIZED_AUTOS = YES_AGGRESSIVE;
				GCC_WARN_UNUSED_FUNCTION = YES;
				GCC_WARN_UNUSED_VARIABLE = YES;
				IPHONEOS_DEPLOYMENT_TARGET = 18.5;
				LOCALIZATION_PREFERS_STRING_CATALOGS = YES;
				MTL_ENABLE_DEBUG_INFO = NO;
				MTL_FAST_MATH = YES;
				SDKROOT = iphoneos;
				SWIFT_COMPILATION_MODE = wholemodule;
				VALIDATE_PRODUCT = YES;
			};
			name = Release;
		};
		BD597DDF2EF60C3800006C6F /* Debug */ = {
			isa = XCBuildConfiguration;
			baseConfigurationReferenceAnchor = BD597DBF2EF60C3500006C6F /* Ambrosia */;
			baseConfigurationReferenceRelativePath = Configs/Secrets.xcconfig;
			buildSettings = {
				ASSETCATALOG_COMPILER_APPICON_NAME = AppIcon;
				ASSETCATALOG_COMPILER_GLOBAL_ACCENT_COLOR_NAME = AccentColor;
				CODE_SIGN_STYLE = Automatic;
				CURRENT_PROJECT_VERSION = 1;
				DEVELOPMENT_TEAM = TDLZ3DFQ66;
				ENABLE_PREVIEWS = YES;
				GENERATE_INFOPLIST_FILE = NO;
				INFOPLIST_FILE = Ambrosia/Resources/Info.plist;
				INFOPLIST_KEY_UIApplicationSceneManifest_Generation = YES;
				INFOPLIST_KEY_UIApplicationSupportsIndirectInputEvents = YES;
				INFOPLIST_KEY_UILaunchScreen_Generation = YES;
				INFOPLIST_KEY_UISupportedInterfaceOrientations_iPad = "UIInterfaceOrientationPortrait UIInterfaceOrientationPortraitUpsideDown UIInterfaceOrientationLandscapeLeft UIInterfaceOrientationLandscapeRight";
				INFOPLIST_KEY_UISupportedInterfaceOrientations_iPhone = "UIInterfaceOrientationPortrait UIInterfaceOrientationLandscapeLeft UIInterfaceOrientationLandscapeRight";
				LD_RUNPATH_SEARCH_PATHS = (
					"$(inherited)",
					"@executable_path/Frameworks",
				);
				MARKETING_VERSION = 1.0;
				PRODUCT_BUNDLE_IDENTIFIER = com.chriszhang.Ambrosia;
				PRODUCT_NAME = "$(TARGET_NAME)";
				SWIFT_EMIT_LOC_STRINGS = YES;
				SWIFT_VERSION = 5.0;
				TARGETED_DEVICE_FAMILY = "1,2";
			};
			name = Debug;
		};
		BD597DE02EF60C3800006C6F /* Release */ = {
			isa = XCBuildConfiguration;
			baseConfigurationReferenceAnchor = BD597DBF2EF60C3500006C6F /* Ambrosia */;
			baseConfigurationReferenceRelativePath = Configs/Secrets.xcconfig;
			buildSettings = {
				ASSETCATALOG_COMPILER_APPICON_NAME = AppIcon;
				ASSETCATALOG_COMPILER_GLOBAL_ACCENT_COLOR_NAME = AccentColor;
				CODE_SIGN_STYLE = Automatic;
				CURRENT_PROJECT_VERSION = 1;
				DEVELOPMENT_TEAM = TDLZ3DFQ66;
				ENABLE_PREVIEWS = YES;
				GENERATE_INFOPLIST_FILE = NO;
				INFOPLIST_FILE = Ambrosia/Resources/Info.plist;
				INFOPLIST_KEY_UIApplicationSceneManifest_Generation = YES;
				INFOPLIST_KEY_UIApplicationSupportsIndirectInputEvents = YES;
				INFOPLIST_KEY_UILaunchScreen_Generation = YES;
				INFOPLIST_KEY_UISupportedInterfaceOrientations_iPad = "UIInterfaceOrientationPortrait UIInterfaceOrientationPortraitUpsideDown UIInterfaceOrientationLandscapeLeft UIInterfaceOrientationLandscapeRight";
				INFOPLIST_KEY_UISupportedInterfaceOrientations_iPhone = "UIInterfaceOrientationPortrait UIInterfaceOrientationLandscapeLeft UIInterfaceOrientationLandscapeRight";
				LD_RUNPATH_SEARCH_PATHS = (
					"$(inherited)",
					"@executable_path/Frameworks",
				);
				MARKETING_VERSION = 1.0;
				PRODUCT_BUNDLE_IDENTIFIER = com.chriszhang.Ambrosia;
				PRODUCT_NAME = "$(TARGET_NAME)";
				SWIFT_EMIT_LOC_STRINGS = YES;
				SWIFT_VERSION = 5.0;
				TARGETED_DEVICE_FAMILY = "1,2";
			};
			name = Release;
		};
		BD597DE22EF60C3800006C6F /* Debug */ = {
			isa = XCBuildConfiguration;
			buildSettings = {
				BUNDLE_LOADER = "$(TEST_HOST)";
				CODE_SIGN_STYLE = Automatic;
				CURRENT_PROJECT_VERSION = 1;
				DEVELOPMENT_TEAM = TDLZ3DFQ66;
				GENERATE_INFOPLIST_FILE = YES;
				IPHONEOS_DEPLOYMENT_TARGET = 18.5;
				MARKETING_VERSION = 1.0;
				PRODUCT_BUNDLE_IDENTIFIER = com.chriszhang.AmbrosiaTests;
				PRODUCT_NAME = "$(TARGET_NAME)";
				SWIFT_EMIT_LOC_STRINGS = NO;
				SWIFT_VERSION = 5.0;
				TARGETED_DEVICE_FAMILY = "1,2";
				TEST_HOST = "$(BUILT_PRODUCTS_DIR)/Ambrosia.app/$(BUNDLE_EXECUTABLE_FOLDER_PATH)/Ambrosia";
			};
			name = Debug;
		};
		BD597DE32EF60C3800006C6F /* Release */ = {
			isa = XCBuildConfiguration;
			buildSettings = {
				BUNDLE_LOADER = "$(TEST_HOST)";
				CODE_SIGN_STYLE = Automatic;
				CURRENT_PROJECT_VERSION = 1;
				DEVELOPMENT_TEAM = TDLZ3DFQ66;
				GENERATE_INFOPLIST_FILE = YES;
				IPHONEOS_DEPLOYMENT_TARGET = 18.5;
				MARKETING_VERSION = 1.0;
				PRODUCT_BUNDLE_IDENTIFIER = com.chriszhang.AmbrosiaTests;
				PRODUCT_NAME = "$(TARGET_NAME)";
				SWIFT_EMIT_LOC_STRINGS = NO;
				SWIFT_VERSION = 5.0;
				TARGETED_DEVICE_FAMILY = "1,2";
				TEST_HOST = "$(BUILT_PRODUCTS_DIR)/Ambrosia.app/$(BUNDLE_EXECUTABLE_FOLDER_PATH)/Ambrosia";
			};
			name = Release;
		};
		BD597DE52EF60C3800006C6F /* Debug */ = {
			isa = XCBuildConfiguration;
			buildSettings = {
				CODE_SIGN_STYLE = Automatic;
				CURRENT_PROJECT_VERSION = 1;
				DEVELOPMENT_TEAM = TDLZ3DFQ66;
				GENERATE_INFOPLIST_FILE = YES;
				MARKETING_VERSION = 1.0;
				PRODUCT_BUNDLE_IDENTIFIER = com.chriszhang.AmbrosiaUITests;
				PRODUCT_NAME = "$(TARGET_NAME)";
				SWIFT_EMIT_LOC_STRINGS = NO;
				SWIFT_VERSION = 5.0;
				TARGETED_DEVICE_FAMILY = "1,2";
				TEST_TARGET_NAME = Ambrosia;
			};
			name = Debug;
		};
		BD597DE62EF60C3800006C6F /* Release */ = {
			isa = XCBuildConfiguration;
			buildSettings = {
				CODE_SIGN_STYLE = Automatic;
				CURRENT_PROJECT_VERSION = 1;
				DEVELOPMENT_TEAM = TDLZ3DFQ66;
				GENERATE_INFOPLIST_FILE = YES;
				MARKETING_VERSION = 1.0;
				PRODUCT_BUNDLE_IDENTIFIER = com.chriszhang.AmbrosiaUITests;
				PRODUCT_NAME = "$(TARGET_NAME)";
				SWIFT_EMIT_LOC_STRINGS = NO;
				SWIFT_VERSION = 5.0;
				TARGETED_DEVICE_FAMILY = "1,2";
				TEST_TARGET_NAME = Ambrosia;
			};
			name = Release;
		};
/* End XCBuildConfiguration section */

/* Begin XCConfigurationList section */
		BD597DB82EF60C3500006C6F /* Build configuration list for PBXProject "Ambrosia" */ = {
			isa = XCConfigurationList;
			buildConfigurations = (
				BD597DDC2EF60C3800006C6F /* Debug */,
				BD597DDD2EF60C3800006C6F /* Release */,
			);
			defaultConfigurationIsVisible = 0;
			defaultConfigurationName = Release;
		};
		BD597DDE2EF60C3800006C6F /* Build configuration list for PBXNativeTarget "Ambrosia" */ = {
			isa = XCConfigurationList;
			buildConfigurations = (
				BD597DDF2EF60C3800006C6F /* Debug */,
				BD597DE02EF60C3800006C6F /* Release */,
			);
			defaultConfigurationIsVisible = 0;
			defaultConfigurationName = Release;
		};
		BD597DE12EF60C3800006C6F /* Build configuration list for PBXNativeTarget "AmbrosiaTests" */ = {
			isa = XCConfigurationList;
			buildConfigurations = (
				BD597DE22EF60C3800006C6F /* Debug */,
				BD597DE32EF60C3800006C6F /* Release */,
			);
			defaultConfigurationIsVisible = 0;
			defaultConfigurationName = Release;
		};
		BD597DE42EF60C3800006C6F /* Build configuration list for PBXNativeTarget "AmbrosiaUITests" */ = {
			isa = XCConfigurationList;
			buildConfigurations = (
				BD597DE52EF60C3800006C6F /* Debug */,
				BD597DE62EF60C3800006C6F /* Release */,
			);
			defaultConfigurationIsVisible = 0;
			defaultConfigurationName = Release;
		};
/* End XCConfigurationList section */
	};
	rootObject = BD597DB52EF60C3500006C6F /* Project object */;
}
